# Generated by conda-lock.
# platform: linux-64
# input_hash: 09606450d30cdcff79fb0ef0ad101ab7588f5eea83ac9b771b831536c44c344c
@EXPLICIT
https://conda.anaconda.org/conda-forge/linux-64/_libgcc_mutex-0.1-conda_forge.tar.bz2#d7c89558ba9fa0495403155b64376d81
https://conda.anaconda.org/conda-forge/linux-64/ca-certificates-2022.12.7-ha878542_0.conda#ff9f73d45c4a07d6f424495288a26080
https://conda.anaconda.org/conda-forge/noarch/font-ttf-dejavu-sans-mono-2.37-hab24e00_0.tar.bz2#0c96522c6bdaed4b1566d11387caaf45
https://conda.anaconda.org/conda-forge/noarch/font-ttf-inconsolata-3.000-h77eed37_0.tar.bz2#34893075a5c9e55cdafac56607368fc6
https://conda.anaconda.org/conda-forge/noarch/font-ttf-source-code-pro-2.038-h77eed37_0.tar.bz2#4d59c254e01d9cde7957100457e2d5fb
https://conda.anaconda.org/conda-forge/noarch/font-ttf-ubuntu-0.83-hab24e00_0.tar.bz2#19410c3df09dfb12d1206132a1d357c5
https://conda.anaconda.org/conda-forge/linux-64/ld_impl_linux-64-2.40-h41732ed_0.conda#7aca3059a1729aa76c597603f10b0dd3
https://conda.anaconda.org/conda-forge/linux-64/libgfortran5-12.2.0-h337968e_19.tar.bz2#164b4b1acaedc47ee7e658ae6b308ca3
https://conda.anaconda.org/conda-forge/linux-64/libstdcxx-ng-12.2.0-h46fd767_19.tar.bz2#1030b1f38c129f2634eae026f704fe60
https://conda.anaconda.org/conda-forge/linux-64/python_abi-3.10-3_cp310.conda#4eb33d14d794b0f4be116443ffed3853
https://conda.anaconda.org/conda-forge/noarch/tzdata-2023c-h71feb2d_0.conda#939e3e74d8be4dac89ce83b20de2492a
https://conda.anaconda.org/conda-forge/noarch/fonts-conda-forge-1-0.tar.bz2#f766549260d6815b0c52253f1fb1bb29
https://conda.anaconda.org/conda-forge/linux-64/libgfortran-ng-12.2.0-h69a702a_19.tar.bz2#cd7a806282c16e1f2d39a7e80d3a3e0d
https://conda.anaconda.org/conda-forge/linux-64/libgomp-12.2.0-h65d4601_19.tar.bz2#cedcee7c064c01c403f962c9e8d3c373
https://conda.anaconda.org/conda-forge/linux-64/_openmp_mutex-4.5-2_gnu.tar.bz2#73aaf86a425cc6e73fcf236a5a46396d
https://conda.anaconda.org/conda-forge/noarch/fonts-conda-ecosystem-1-0.tar.bz2#fee5683a3f04bd15cbd8318b096a27ab
https://conda.anaconda.org/conda-forge/linux-64/libgcc-ng-12.2.0-h65d4601_19.tar.bz2#e4c94f80aef025c17ab0828cd85ef535
https://conda.anaconda.org/conda-forge/linux-64/alsa-lib-1.2.8-h166bdaf_0.tar.bz2#be733e69048951df1e4b4b7bb8c7666f
https://conda.anaconda.org/conda-forge/linux-64/attr-2.5.1-h166bdaf_1.tar.bz2#d9c69a24ad678ffce24c6543a0176b00
https://conda.anaconda.org/conda-forge/linux-64/bzip2-1.0.8-h7f98852_4.tar.bz2#a1fd65c7ccbf10880423d82bca54eb54
https://conda.anaconda.org/conda-forge/linux-64/fftw-3.3.10-nompi_hf0379b8_106.conda#d7407e695358f068a2a7f8295cde0567
https://conda.anaconda.org/conda-forge/linux-64/gettext-0.21.1-h27087fc_0.tar.bz2#14947d8770185e5153fdd04d4673ed37
https://conda.anaconda.org/conda-forge/linux-64/graphite2-1.3.13-h58526e2_1001.tar.bz2#8c54672728e8ec6aa6db90cf2806d220
https://conda.anaconda.org/conda-forge/linux-64/gstreamer-orc-0.4.33-h166bdaf_0.tar.bz2#879c93426c9d0b84a9de4513fbce5f4f
https://conda.anaconda.org/conda-forge/linux-64/icu-70.1-h27087fc_0.tar.bz2#87473a15119779e021c314249d4b4aed
https://conda.anaconda.org/conda-forge/linux-64/keyutils-1.6.1-h166bdaf_0.tar.bz2#30186d27e2c9fa62b45fb1476b7200e3
https://conda.anaconda.org/conda-forge/linux-64/lame-3.100-h166bdaf_1003.tar.bz2#a8832b479f93521a9e7b5b743803be51
https://conda.anaconda.org/conda-forge/linux-64/lerc-4.0.0-h27087fc_0.tar.bz2#76bbff344f0134279f225174e9064c8f
https://conda.anaconda.org/conda-forge/linux-64/libbrotlicommon-1.0.9-h166bdaf_8.tar.bz2#9194c9bf9428035a05352d031462eae4
https://conda.anaconda.org/conda-forge/linux-64/libdb-6.2.32-h9c3ff4c_0.tar.bz2#3f3258d8f841fbac63b36b75bdac1afd
https://conda.anaconda.org/conda-forge/linux-64/libdeflate-1.18-h0b41bf4_0.conda#6aa9c9de5542ecb07fdda9ca626252d8
https://conda.anaconda.org/conda-forge/linux-64/libexpat-2.5.0-hcb278e6_1.conda#6305a3dd2752c76335295da4e581f2fd
https://conda.anaconda.org/conda-forge/linux-64/libffi-3.4.2-h7f98852_5.tar.bz2#d645c6d2ac96843a2bfaccd2d62b3ac3
https://conda.anaconda.org/conda-forge/linux-64/libiconv-1.17-h166bdaf_0.tar.bz2#b62b52da46c39ee2bc3c162ac7f1804d
https://conda.anaconda.org/conda-forge/linux-64/libjpeg-turbo-2.1.5.1-h0b41bf4_0.conda#1edd9e67bdb90d78cea97733ff6b54e6
https://conda.anaconda.org/conda-forge/linux-64/libnsl-2.0.0-h7f98852_0.tar.bz2#39b1328babf85c7c3a61636d9cd50206
https://conda.anaconda.org/conda-forge/linux-64/libogg-1.3.4-h7f98852_1.tar.bz2#6e8cc2173440d77708196c5b93771680
https://conda.anaconda.org/conda-forge/linux-64/libopenblas-0.3.21-pthreads_h78a6416_3.tar.bz2#8c5963a49b6035c40646a763293fbb35
https://conda.anaconda.org/conda-forge/linux-64/libopus-1.3.1-h7f98852_1.tar.bz2#15345e56d527b330e1cacbdf58676e8f
https://conda.anaconda.org/conda-forge/linux-64/libtool-2.4.7-h27087fc_0.conda#f204c8ba400ec475452737094fb81d52
https://conda.anaconda.org/conda-forge/linux-64/libuuid-2.38.1-h0b41bf4_0.conda#40b61aab5c7ba9ff276c41cfffe6b80b
https://conda.anaconda.org/conda-forge/linux-64/libwebp-base-1.3.0-h0b41bf4_0.conda#0d4a7508d8c6c65314f2b9c1f56ad408
https://conda.anaconda.org/conda-forge/linux-64/libzlib-1.2.13-h166bdaf_4.tar.bz2#f3f9de449d32ca9b9c66a22863c96f41
https://conda.anaconda.org/conda-forge/linux-64/lz4-c-1.9.4-hcb278e6_0.conda#318b08df404f9c9be5712aaa5a6f0bb0
https://conda.anaconda.org/conda-forge/linux-64/mpg123-1.31.3-hcb278e6_0.conda#141a126675b6d1a4eabb111a4a353898
https://conda.anaconda.org/conda-forge/linux-64/ncurses-6.3-h27087fc_1.tar.bz2#4acfc691e64342b9dae57cf2adc63238
https://conda.anaconda.org/conda-forge/linux-64/nspr-4.35-h27087fc_0.conda#da0ec11a6454ae19bff5b02ed881a2b1
https://conda.anaconda.org/conda-forge/linux-64/openssl-3.1.0-h0b41bf4_0.conda#2d833be81a21128e317325a01326d36f
https://conda.anaconda.org/conda-forge/linux-64/pixman-0.40.0-h36c2ea0_0.tar.bz2#660e72c82f2e75a6b3fe6a6e75c79f19
https://conda.anaconda.org/conda-forge/linux-64/pthread-stubs-0.4-h36c2ea0_1001.tar.bz2#22dad4df6e8630e8dff2428f6f6a7036
https://conda.anaconda.org/conda-forge/linux-64/xkeyboard-config-2.38-h0b41bf4_0.conda#9ac34337e5101a87e5d91da05d84aa48
https://conda.anaconda.org/conda-forge/linux-64/xorg-kbproto-1.0.7-h7f98852_1002.tar.bz2#4b230e8381279d76131116660f5a241a
https://conda.anaconda.org/conda-forge/linux-64/xorg-libice-1.0.10-h7f98852_0.tar.bz2#d6b0b50b49eccfe0be0373be628be0f3
https://conda.anaconda.org/conda-forge/linux-64/xorg-libxau-1.0.9-h7f98852_0.tar.bz2#bf6f803a544f26ebbdc3bfff272eb179
https://conda.anaconda.org/conda-forge/linux-64/xorg-libxdmcp-1.1.3-h7f98852_0.tar.bz2#be93aabceefa2fac576e971aef407908
https://conda.anaconda.org/conda-forge/linux-64/xorg-renderproto-0.11.1-h7f98852_1002.tar.bz2#06feff3d2634e3097ce2fe681474b534
https://conda.anaconda.org/conda-forge/linux-64/xorg-xextproto-7.3.0-h0b41bf4_1003.conda#bce9f945da8ad2ae9b1d7165a64d0f87
https://conda.anaconda.org/conda-forge/linux-64/xorg-xf86vidmodeproto-2.3.1-h7f98852_1002.tar.bz2#3ceea9668625c18f19530de98b15d5b0
https://conda.anaconda.org/conda-forge/linux-64/xorg-xproto-7.0.31-h7f98852_1007.tar.bz2#b4a4381d54784606820704f7b5f05a15
https://conda.anaconda.org/conda-forge/linux-64/xz-5.2.6-h166bdaf_0.tar.bz2#2161070d867d1b1204ea749c8eec4ef0
https://conda.anaconda.org/conda-forge/linux-64/expat-2.5.0-hcb278e6_1.conda#8b9b5aca60558d02ddaa09d599e55920
https://conda.anaconda.org/conda-forge/linux-64/jack-1.9.22-h11f4161_0.conda#504fa9e712b99494a9cf4630e3ca7d78
https://conda.anaconda.org/conda-forge/linux-64/libblas-3.9.0-16_linux64_openblas.tar.bz2#d9b7a8639171f6c6fa0a983edabcfe2b
https://conda.anaconda.org/conda-forge/linux-64/libbrotlidec-1.0.9-h166bdaf_8.tar.bz2#4ae4d7795d33e02bd20f6b23d91caf82
https://conda.anaconda.org/conda-forge/linux-64/libbrotlienc-1.0.9-h166bdaf_8.tar.bz2#04bac51ba35ea023dc48af73c1c88c25
https://conda.anaconda.org/conda-forge/linux-64/libcap-2.67-he9d0100_0.conda#d05556c80caffff164d17bdea0105a1a
https://conda.anaconda.org/conda-forge/linux-64/libedit-3.1.20191231-he28a2e2_2.tar.bz2#4d331e44109e3f0e19b4cb8f9b82f3e1
https://conda.anaconda.org/conda-forge/linux-64/libevent-2.1.10-h28343ad_4.tar.bz2#4a049fc560e00e43151dc51368915fdd
https://conda.anaconda.org/conda-forge/linux-64/libflac-1.4.2-h27087fc_0.tar.bz2#7daf72d8e2a8e848e11d63ed6d1026e0
https://conda.anaconda.org/conda-forge/linux-64/libgpg-error-1.46-h620e276_0.conda#27e745f6f2e4b757e95dd7225fbe6bdb
https://conda.anaconda.org/conda-forge/linux-64/libpng-1.6.39-h753d276_0.conda#e1c890aebdebbfbf87e2c917187b4416
https://conda.anaconda.org/conda-forge/linux-64/libsqlite-3.40.0-h753d276_0.tar.bz2#2e5f9a37d487e1019fd4d8113adb2f9f
https://conda.anaconda.org/conda-forge/linux-64/libvorbis-1.3.7-h9c3ff4c_0.tar.bz2#309dec04b70a3cc0f1e84a4013683bc0
https://conda.anaconda.org/conda-forge/linux-64/libxcb-1.13-h7f98852_1004.tar.bz2#b3653fdc58d03face9724f602218a904
https://conda.anaconda.org/conda-forge/linux-64/libxml2-2.10.3-hca2bb57_4.conda#bb808b654bdc3c783deaf107a2ffb503
https://conda.anaconda.org/conda-forge/linux-64/mysql-common-8.0.32-ha901b37_1.conda#2c18a7a26ec0d0c23a917f37a65fc9a2
https://conda.anaconda.org/conda-forge/linux-64/pcre2-10.40-hc3806b6_0.tar.bz2#69e2c796349cd9b273890bee0febfe1b
https://conda.anaconda.org/conda-forge/linux-64/readline-8.2-h8228510_1.conda#47d31b792659ce70f470b5c82fdfb7a4
https://conda.anaconda.org/conda-forge/linux-64/tk-8.6.12-h27826a3_0.tar.bz2#5b8c42eb62e9fc961af70bdd6a26e168
https://conda.anaconda.org/conda-forge/linux-64/xorg-libsm-1.2.3-hd9c2040_1000.tar.bz2#9e856f78d5c80d5a78f61e72d1d473a3
https://conda.anaconda.org/conda-forge/linux-64/zlib-1.2.13-h166bdaf_4.tar.bz2#4b11e365c0275b808be78b30f904e295
https://conda.anaconda.org/conda-forge/linux-64/zstd-1.5.2-h3eb15da_6.conda#6b63daed8feeca47be78f323e793d555
https://conda.anaconda.org/conda-forge/linux-64/brotli-bin-1.0.9-h166bdaf_8.tar.bz2#e5613f2bc717e9945840ff474419b8e4
https://conda.anaconda.org/conda-forge/linux-64/freetype-2.12.1-hca18f0e_1.conda#e1232042de76d24539a436d37597eb06
https://conda.anaconda.org/conda-forge/linux-64/krb5-1.20.1-h81ceb04_0.conda#89a41adce7106749573d883b2f657d78
https://conda.anaconda.org/conda-forge/linux-64/libcblas-3.9.0-16_linux64_openblas.tar.bz2#20bae26d0a1db73f758fc3754cab4719
https://conda.anaconda.org/conda-forge/linux-64/libgcrypt-1.10.1-h166bdaf_0.tar.bz2#f967fc95089cd247ceed56eda31de3a9
https://conda.anaconda.org/conda-forge/linux-64/libglib-2.74.1-h606061b_1.tar.bz2#ed5349aa96776e00b34eccecf4a948fe
https://conda.anaconda.org/conda-forge/linux-64/liblapack-3.9.0-16_linux64_openblas.tar.bz2#955d993f41f9354bf753d29864ea20ad
https://conda.anaconda.org/conda-forge/linux-64/libllvm15-15.0.7-hadd5161_1.conda#17d91085ccf5934ce652cb448d0cb65a
https://conda.anaconda.org/conda-forge/linux-64/libsndfile-1.2.0-hb75c966_0.conda#c648d19cd9c8625898d5d370414de7c7
https://conda.anaconda.org/conda-forge/linux-64/libtiff-4.5.0-ha587672_6.conda#4e5ee4b062c21519efbee7e2ae608748
https://conda.anaconda.org/conda-forge/linux-64/libudev1-253-h0b41bf4_1.conda#bb38b19a41bb94e8a19dbfb062d499c7
https://conda.anaconda.org/conda-forge/linux-64/libxkbcommon-1.5.0-h79f4944_1.conda#04a39cdd663f295653fc143851830563
https://conda.anaconda.org/conda-forge/linux-64/mysql-libs-8.0.32-hd7da12d_1.conda#a69fa6f218cfed8e2d61753eeacaf034
https://conda.anaconda.org/conda-forge/linux-64/nss-3.89-he45b914_0.conda#2745719a58eeaab6657256a3f142f099
https://conda.anaconda.org/conda-forge/linux-64/python-3.10.10-he550d4f_0_cpython.conda#de25afc7041c103c7f510c746bb63435
https://conda.anaconda.org/conda-forge/linux-64/xcb-util-0.4.0-h166bdaf_0.tar.bz2#384e7fcb3cd162ba3e4aed4b687df566
https://conda.anaconda.org/conda-forge/linux-64/xcb-util-keysyms-0.4.0-h166bdaf_0.tar.bz2#637054603bb7594302e3bf83f0a99879
https://conda.anaconda.org/conda-forge/linux-64/xcb-util-renderutil-0.3.9-h166bdaf_0.tar.bz2#732e22f1741bccea861f5668cf7342a7
https://conda.anaconda.org/conda-forge/linux-64/xcb-util-wm-0.4.1-h166bdaf_0.tar.bz2#0a8e20a8aef954390b9481a527421a8c
https://conda.anaconda.org/conda-forge/linux-64/xorg-libx11-1.8.4-h0b41bf4_0.conda#ea8fbfeb976ac49cbeb594e985393514
https://conda.anaconda.org/conda-forge/linux-64/brotli-1.0.9-h166bdaf_8.tar.bz2#2ff08978892a3e8b954397c461f18418
https://conda.anaconda.org/conda-forge/noarch/certifi-2022.12.7-pyhd8ed1ab_0.conda#fb9addc3db06e56abe03e0e9f21a63e6
https://conda.anaconda.org/conda-forge/noarch/cycler-0.11.0-pyhd8ed1ab_0.tar.bz2#a50559fad0affdbb33729a68669ca1cb
https://conda.anaconda.org/conda-forge/linux-64/dbus-1.13.6-h5008d03_3.tar.bz2#ecfff944ba3960ecb334b9a2663d708d
https://conda.anaconda.org/conda-forge/linux-64/fontconfig-2.14.2-h14ed4e7_0.conda#0f69b688f52ff6da70bccb7ff7001d1d
https://conda.anaconda.org/conda-forge/linux-64/glib-tools-2.74.1-h6239696_1.tar.bz2#5f442e6bc9d89ba236eb25a25c5c2815
https://conda.anaconda.org/conda-forge/linux-64/kiwisolver-1.4.4-py310hbf28c38_1.tar.bz2#ad5647e517ba68e2868ef2e6e6ff7723
https://conda.anaconda.org/conda-forge/linux-64/lcms2-2.15-haa2dc70_1.conda#980d8aca0bc23ca73fa8caa3e7c84c28
https://conda.anaconda.org/conda-forge/linux-64/libclang13-15.0.7-default_h3e3d535_1.conda#a3a0f7a6f0885f5e1e0ec691566afb77
https://conda.anaconda.org/conda-forge/linux-64/libcups-2.3.3-h36d4200_3.conda#c9f4416a34bc91e0eb029f912c68f81f
https://conda.anaconda.org/conda-forge/linux-64/libpq-15.2-hb675445_0.conda#4654b17eccaba55b8581d6b9c77f53cc
https://conda.anaconda.org/conda-forge/linux-64/libsystemd0-253-h8c4010b_1.conda#9176b1e2cb8beca37a7510b0e801e38f
https://conda.anaconda.org/conda-forge/noarch/munkres-1.1.4-pyh9f0ad1d_0.tar.bz2#2ba8498c1018c1e9c61eb99b973dfe19
https://conda.anaconda.org/conda-forge/linux-64/numpy-1.24.2-py310h8deb116_0.conda#b7085457309e206174b8e234d90a7605
https://conda.anaconda.org/conda-forge/linux-64/openjpeg-2.5.0-hfec8fc6_2.conda#5ce6a42505c6e9e6151c54c3ec8d68ea
https://conda.anaconda.org/conda-forge/noarch/packaging-23.0-pyhd8ed1ab_0.conda#1ff2e3ca41f0ce16afec7190db28288b
https://conda.anaconda.org/conda-forge/noarch/ply-3.11-py_1.tar.bz2#7205635cd71531943440fbfe3b6b5727
https://conda.anaconda.org/conda-forge/noarch/pyparsing-3.0.9-pyhd8ed1ab_0.tar.bz2#e8fbc1b54b25f4b08281467bc13b70cc
https://conda.anaconda.org/conda-forge/noarch/pytz-2023.3-pyhd8ed1ab_0.conda#d3076b483092a435832603243567bc31
https://conda.anaconda.org/conda-forge/noarch/setuptools-67.6.1-pyhd8ed1ab_0.conda#6c443cccff3daa3d83b2b807b0a298ce
https://conda.anaconda.org/conda-forge/noarch/six-1.16.0-pyh6c4a22f_0.tar.bz2#e5f25f8dbc060e9a8d912e432202afc2
https://conda.anaconda.org/conda-forge/noarch/toml-0.10.2-pyhd8ed1ab_0.tar.bz2#f832c45a477c78bebd107098db465095
https://conda.anaconda.org/conda-forge/linux-64/tornado-6.2-py310h5764c6d_1.tar.bz2#be4a201ac582c11d89ed7d15b3157cc3
https://conda.anaconda.org/conda-forge/linux-64/unicodedata2-15.0.0-py310h5764c6d_0.tar.bz2#e972c5a1f472561cf4a91962cb01f4b4
https://conda.anaconda.org/conda-forge/noarch/wheel-0.40.0-pyhd8ed1ab_0.conda#49bb0d9e60ce1db25e151780331bb5f3
https://conda.anaconda.org/conda-forge/linux-64/xcb-util-image-0.4.0-h166bdaf_0.tar.bz2#c9b568bd804cb2903c6be6f5f68182e4
https://conda.anaconda.org/conda-forge/linux-64/xorg-libxext-1.3.4-h0b41bf4_2.conda#82b6df12252e6f32402b96dacc656fec
https://conda.anaconda.org/conda-forge/linux-64/xorg-libxrender-0.9.10-h7f98852_1003.tar.bz2#f59c1242cc1dd93e72c2ee2b360979eb
https://conda.anaconda.org/conda-forge/linux-64/cairo-1.16.0-ha61ee94_1014.tar.bz2#d1a88f3ed5b52e1024b80d4bcd26a7a0
https://conda.anaconda.org/conda-forge/linux-64/contourpy-1.0.7-py310hdf3cbec_0.conda#7bf9d8c765b6b04882c719509652c6d6
https://conda.anaconda.org/conda-forge/linux-64/fonttools-4.39.3-py310h1fa729e_0.conda#4f39f656d6ff2761d698e69af952be82
https://conda.anaconda.org/conda-forge/linux-64/glib-2.74.1-h6239696_1.tar.bz2#f3220a9e9d3abcbfca43419a219df7e4
https://conda.anaconda.org/conda-forge/linux-64/libclang-15.0.7-default_had23c3d_1.conda#36c65ed73b7c92589bd9562ef8a6023d
https://conda.anaconda.org/conda-forge/linux-64/pillow-9.4.0-py310h065c6d2_2.conda#08d932c6c54822a70d5bd5f2f74e7377
https://conda.anaconda.org/conda-forge/noarch/pip-23.0.1-pyhd8ed1ab_0.conda#8025ca83b8ba5430b640b83917c2a6f7
https://conda.anaconda.org/conda-forge/linux-64/pulseaudio-client-16.1-h5195f5e_3.conda#caeb3302ef1dc8b342b20c710a86f8a9
https://conda.anaconda.org/conda-forge/noarch/python-dateutil-2.8.2-pyhd8ed1ab_0.tar.bz2#dd999d1cc9f79e67dbb855c8924c7984
https://conda.anaconda.org/conda-forge/linux-64/sip-6.7.7-py310heca2aa9_0.conda#142c074701cf90c88667b461678aee81
https://conda.anaconda.org/conda-forge/linux-64/gstreamer-1.22.0-h25f0c4b_2.conda#461541cb1b387c2a28ab6217f3d38502
https://conda.anaconda.org/conda-forge/linux-64/harfbuzz-6.0.0-h8e241bc_0.conda#448fe40d2fed88ccf4d9ded37cbb2b38
https://conda.anaconda.org/conda-forge/linux-64/matplotlib-base-3.7.1-py310he60537e_0.conda#68b2dd34c69d08b05a9db5e3596fe3ee
https://conda.anaconda.org/conda-forge/linux-64/pandas-1.5.3-py310h9b08913_1.conda#331c9dd2560aeb308e26f821280f19d0
https://conda.anaconda.org/conda-forge/linux-64/pulseaudio-daemon-16.1-ha8d29e2_3.conda#34d9d75ca896f5919c372a34e25f23ea
https://conda.anaconda.org/conda-forge/linux-64/pyqt5-sip-12.11.0-py310heca2aa9_3.conda#3b1946b676534472ce65181dda0b9554
https://conda.anaconda.org/conda-forge/linux-64/gst-plugins-base-1.22.0-h4243ec0_2.conda#0d0c6604c8ac4ad5e51efa7bb58da05c
https://conda.anaconda.org/conda-forge/linux-64/pulseaudio-16.1-hcb278e6_3.conda#8b452ab959166d91949af4c2d28f81db
https://conda.anaconda.org/conda-forge/linux-64/qt-main-5.15.8-h67dfc38_7.conda#f140acdc15a0196eef664f120c396266
https://conda.anaconda.org/conda-forge/linux-64/pyqt-5.15.7-py310hab646b1_3.conda#d049da3204bf5ecb54a852b622f2d7d2
https://conda.anaconda.org/conda-forge/linux-64/matplotlib-3.7.1-py310hff52083_0.conda#c2b60c44d38d32779006a15c2581f0d1
# pip alabaster @ https://files.pythonhosted.org/packages/64/88/c7083fc61120ab661c5d0b82cb77079fc1429d3f913a456c1c82cf4658f7/alabaster-0.7.13-py3-none-any.whl#sha256=1ee19aca801bbabb5ba3f5f258e4422dfa86f82f3e9cefb0859b283cdd7f62a3
# pip attrs @ https://files.pythonhosted.org/packages/fb/6e/6f83bf616d2becdf333a1640f1d463fef3150e2e926b7010cb0f81c95e88/attrs-22.2.0-py3-none-any.whl#sha256=29e95c7f6778868dbd49170f98f8818f78f3dc5e0e37c0b1f474e3561b240836
# pip babel @ https://files.pythonhosted.org/packages/df/c4/1088865e0246d7ecf56d819a233ab2b72f7d6ab043965ef327d0731b5434/Babel-2.12.1-py3-none-any.whl#sha256=b4246fb7677d3b98f501a39d43396d3cafdc8eadb045f4a31be01863f655c610
# pip backcall @ https://files.pythonhosted.org/packages/4c/1c/ff6546b6c12603d8dd1070aa3c3d273ad4c07f5771689a7b69a550e8c951/backcall-0.2.0-py2.py3-none-any.whl#sha256=fbbce6a29f263178a1f7915c1940bde0ec2b2a967566fe1c65c1dfb7422bd255
# pip charset-normalizer @ https://files.pythonhosted.org/packages/cc/f6/21a66e524658bd1dd7b89ac9d1ee8f7823f2d9701a2fbc458ab9ede53c63/charset_normalizer-3.1.0-cp310-cp310-manylinux_2_17_x86_64.manylinux2014_x86_64.whl#sha256=75f2568b4189dda1c567339b48cba4ac7384accb9c2a7ed655cd86b04055c795
# pip click @ https://files.pythonhosted.org/packages/c2/f1/df59e28c642d583f7dacffb1e0965d0e00b218e0186d7858ac5233dce840/click-8.1.3-py3-none-any.whl#sha256=bb4d8133cb15a609f44e8213d9b391b0809795062913b383c62be0ee95b1db48
# pip debugpy @ https://files.pythonhosted.org/packages/1f/19/345c21f6b62acf556c39e4358a22b0ad868fecb462c1041c13513d229b33/debugpy-1.6.6-cp310-cp310-manylinux_2_17_x86_64.manylinux2014_x86_64.whl#sha256=dff595686178b0e75580c24d316aa45a8f4d56e2418063865c114eef651a982e
# pip decorator @ https://files.pythonhosted.org/packages/d5/50/83c593b07763e1161326b3b8c6686f0f4b0f24d5526546bee538c89837d6/decorator-5.1.1-py3-none-any.whl#sha256=b8c3f85900b9dc423225913c5aace94729fe1fa9763b38939a95226f02d37186
# pip defusedxml @ https://files.pythonhosted.org/packages/07/6c/aa3f2f849e01cb6a001cd8554a88d4c77c5c1a31c95bdf1cf9301e6d9ef4/defusedxml-0.7.1-py2.py3-none-any.whl#sha256=a352e7e428770286cc899e2542b6cdaedb2b4953ff269a210103ec58f6198a61
# pip docutils @ https://files.pythonhosted.org/packages/93/69/e391bd51bc08ed9141ecd899a0ddb61ab6465309f1eb470905c0c8868081/docutils-0.19-py3-none-any.whl#sha256=5e1de4d849fee02c63b040a4a3fd567f4ab104defd8a5511fbbc24a8a017efbc
# pip duckdb @ https://files.pythonhosted.org/packages/df/72/808bf4a16321fc92abf5a14cd67338466bd14e21e3397f61c93cb3b5139c/duckdb-0.7.1-cp310-cp310-manylinux_2_17_x86_64.manylinux2014_x86_64.whl#sha256=630e0122a02f19bb1fafae00786350b2c31ae8422fce97c827bd3686e7c386af
# pip exceptiongroup @ https://files.pythonhosted.org/packages/61/97/17ed81b7a8d24d8f69b62c0db37abbd8c0042d4b3fc429c73dab986e7483/exceptiongroup-1.1.1-py3-none-any.whl#sha256=232c37c63e4f682982c8b6459f33a8981039e5fb8756b2074364e5055c498c9e
# pip executing @ https://files.pythonhosted.org/packages/28/3c/bc3819dd8b1a1588c9215a87271b6178cc5498acaa83885211f5d4d9e693/executing-1.2.0-py2.py3-none-any.whl#sha256=0314a69e37426e3608aada02473b4161d4caf5a4b244d1d0c48072b8fee7bacc
# pip fastjsonschema @ https://files.pythonhosted.org/packages/eb/e7/84b1571b866b8abd604f8b72234d16f01bd5944014ef9929b5cb0da198c1/fastjsonschema-2.16.3-py3-none-any.whl#sha256=04fbecc94300436f628517b05741b7ea009506ce8f946d40996567c669318490
# pip greenlet @ https://files.pythonhosted.org/packages/6e/11/a1f1af20b6a1a8069bc75012569d030acb89fd7ef70f888b6af2f85accc6/greenlet-2.0.2-cp310-cp310-manylinux_2_17_x86_64.manylinux2014_x86_64.whl#sha256=d75209eed723105f9596807495d58d10b3470fa6732dd6756595e89925ce2470
# pip idna @ https://files.pythonhosted.org/packages/fc/34/3030de6f1370931b9dbb4dad48f6ab1015ab1d32447850b9fc94e60097be/idna-3.4-py3-none-any.whl#sha256=90b77e79eaa3eba6de819a0c442c0b4ceefc341a7a2ab77d7562bf49f425c5c2
# pip imagesize @ https://files.pythonhosted.org/packages/ff/62/85c4c919272577931d407be5ba5d71c20f0b616d31a0befe0ae45bb79abd/imagesize-1.4.1-py2.py3-none-any.whl#sha256=0d8d18d08f840c19d0ee7ca1fd82490fdc3729b7ac93f49870406ddde8ef8d8b
# pip iniconfig @ https://files.pythonhosted.org/packages/ef/a6/62565a6e1cf69e10f5727360368e451d4b7f58beeac6173dc9db836a5b46/iniconfig-2.0.0-py3-none-any.whl#sha256=b6a85871a79d2e3b22d2d1b94ac2824226a63c6b741c88f7ae975f18b6778374
# pip invoke @ https://files.pythonhosted.org/packages/d9/75/3bf3074efac102f49302f1c7d5194001321886046ac68d46e8c0d6cc0812/invoke-2.0.0-py3-none-any.whl#sha256=a860582bcf7a4b336fe18ef53937f0f28cec1c0053ffa767c2fcf7ba0b850f59
# pip jupyterlab-pygments @ https://files.pythonhosted.org/packages/c0/7e/c3d1df3ae9b41686e664051daedbd70eea2e1d2bd9d9c33e7e1455bc9f96/jupyterlab_pygments-0.2.2-py2.py3-none-any.whl#sha256=2405800db07c9f770863bcf8049a529c3dd4d3e28536638bd7c1c01d2748309f
# pip jupyterlab-widgets @ https://files.pythonhosted.org/packages/46/98/e7ce879b7b5d4871b80e291be967d22e5e66fa43474c476a95fe6231f50d/jupyterlab_widgets-3.0.7-py3-none-any.whl#sha256=c73f8370338ec19f1bec47254752d6505b03601cbd5a67e6a0b184532f73a459
# pip libsass @ https://files.pythonhosted.org/packages/0c/be/178b03e598e86bf1faa70f9ebe4cfad236dcf159af11a39f30ac8d7ce693/libsass-0.22.0-cp36-abi3-manylinux_2_5_x86_64.manylinux1_x86_64.whl#sha256=f1efc1b612299c88aec9e39d6ca0c266d360daa5b19d9430bdeaffffa86993f9
# pip markupsafe @ https://files.pythonhosted.org/packages/3d/66/2f636ba803fd6eb4cee7b3106ae02538d1e84a7fb7f4f8775c6528a87d31/MarkupSafe-2.1.2-cp310-cp310-manylinux_2_17_x86_64.manylinux2014_x86_64.whl#sha256=28057e985dace2f478e042eaa15606c7efccb700797660629da387eb289b9323
# pip mccabe @ https://files.pythonhosted.org/packages/27/1a/1f68f9ba0c207934b35b86a8ca3aad8395a3d6dd7921c0686e23853ff5a9/mccabe-0.7.0-py2.py3-none-any.whl#sha256=6c2d30ab6be0e4a46919781807b4f0d834ebdd6c6e3dca0bda5a15f863427b6e
# pip mdurl @ https://files.pythonhosted.org/packages/b3/38/89ba8ad64ae25be8de66a6d463314cf1eb366222074cfda9ee839c56a4b4/mdurl-0.1.2-py3-none-any.whl#sha256=84008a41e51615a49fc9966191ff91509e3c40b939176e643fd50a5c2196b8f8
# pip mistune @ https://files.pythonhosted.org/packages/9f/e5/780d22d19543f339aad583304f58002975b586757aa590cbe7bea5cc6f13/mistune-2.0.5-py2.py3-none-any.whl#sha256=bad7f5d431886fcbaf5f758118ecff70d31f75231b34024a1341120340a65ce8
# pip mypy-extensions @ https://files.pythonhosted.org/packages/2a/e2/5d3f6ada4297caebe1a2add3b126fe800c96f56dbe5d1988a2cbe0b267aa/mypy_extensions-1.0.0-py3-none-any.whl#sha256=4392f6c0eb8a5668a69e23d168ffa70f0be9ccfd32b5cc2d26a34ae5b844552d
# pip nest-asyncio @ https://files.pythonhosted.org/packages/e9/1a/6dd9ec31cfdb34cef8fea0055b593ee779a6f63c8e8038ad90d71b7f53c0/nest_asyncio-1.5.6-py3-none-any.whl#sha256=b9a953fb40dceaa587d109609098db21900182b16440652454a146cffb06e8b8
# pip pandocfilters @ https://files.pythonhosted.org/packages/5e/a8/878258cffd53202a6cc1903c226cf09e58ae3df6b09f8ddfa98033286637/pandocfilters-1.5.0-py2.py3-none-any.whl#sha256=33aae3f25fd1a026079f5d27bdd52496f0e0803b3469282162bafdcbdf6ef14f
# pip parso @ https://files.pythonhosted.org/packages/05/63/8011bd08a4111858f79d2b09aad86638490d62fbf881c44e434a6dfca87b/parso-0.8.3-py2.py3-none-any.whl#sha256=c001d4636cd3aecdaf33cbb40aebb59b094be2a74c556778ef5576c175e19e75
# pip pathspec @ https://files.pythonhosted.org/packages/be/c8/551a803a6ebb174ec1c124e68b449b98a0961f0b737def601e3c1fbb4cfd/pathspec-0.11.1-py3-none-any.whl#sha256=d8af70af76652554bd134c22b3e8a1cc46ed7d91edcdd721ef1a0c51a84a5293
# pip pickleshare @ https://files.pythonhosted.org/packages/9a/41/220f49aaea88bc6fa6cba8d05ecf24676326156c23b991e80b3f2fc24c77/pickleshare-0.7.5-py2.py3-none-any.whl#sha256=9649af414d74d4df115d5d718f82acb59c9d418196b7b4290ed47a12ce62df56
# pip platformdirs @ https://files.pythonhosted.org/packages/b2/f3/4fb5fae710fc9f22a42cd90dc0547da18ec83e2e139294ab94f04c449cf5/platformdirs-3.2.0-py3-none-any.whl#sha256=ebe11c0d7a805086e99506aa331612429a72ca7cd52a1f0d277dc4adc20cb10e
# pip pluggy @ https://files.pythonhosted.org/packages/9e/01/f38e2ff29715251cf25532b9082a1589ab7e4f571ced434f98d0139336dc/pluggy-1.0.0-py2.py3-none-any.whl#sha256=74134bbf457f031a36d68416e1509f34bd5ccc019f0bcc952c7b909d06b37bd3
# pip psutil @ https://files.pythonhosted.org/packages/6e/c8/784968329c1c67c28cce91991ef9af8a8913aa5a3399a6a8954b1380572f/psutil-5.9.4-cp36-abi3-manylinux_2_12_x86_64.manylinux2010_x86_64.manylinux_2_17_x86_64.manylinux2014_x86_64.whl#sha256=54c0d3d8e0078b7666984e11b12b88af2db11d11249a8ac8920dd5ef68a66e08
# pip ptyprocess @ https://files.pythonhosted.org/packages/22/a6/858897256d0deac81a172289110f31629fc4cee19b6f01283303e18c8db3/ptyprocess-0.7.0-py2.py3-none-any.whl#sha256=4b41f3967fce3af57cc7e94b888626c18bf37a083e3651ca8feeb66d492fef35
# pip pure-eval @ https://files.pythonhosted.org/packages/2b/27/77f9d5684e6bce929f5cfe18d6cfbe5133013c06cb2fbf5933670e60761d/pure_eval-0.2.2-py3-none-any.whl#sha256=01eaab343580944bc56080ebe0a674b39ec44a945e6d09ba7db3cb8cec289350
# pip pycodestyle @ https://files.pythonhosted.org/packages/a2/54/001fdc0d69e8d0bb86c3423a6fa6dfada8cc26317c2635ab543e9ac411bd/pycodestyle-2.10.0-py2.py3-none-any.whl#sha256=8a4eaf0d0495c7395bdab3589ac2db602797d76207242c17d470186815706610
# pip pycparser @ https://files.pythonhosted.org/packages/62/d5/5f610ebe421e85889f2e55e33b7f9a6795bd982198517d912eb1c76e1a53/pycparser-2.21-py2.py3-none-any.whl#sha256=8ee45429555515e1f6b185e78100aea234072576aa43ab53aefcae078162fca9
# pip pyflakes @ https://files.pythonhosted.org/packages/af/4c/b1c7008aa7788b3e26c06c60aa18da7d3aa1f00e344aa3f18ac92768854b/pyflakes-3.0.1-py2.py3-none-any.whl#sha256=ec55bf7fe21fff7f1ad2f7da62363d749e2a470500eab1b555334b67aa1ef8cf
# pip pygments @ https://files.pythonhosted.org/packages/0b/42/d9d95cc461f098f204cd20c85642ae40fbff81f74c300341b8d0e0df14e0/Pygments-2.14.0-py3-none-any.whl#sha256=fa7bd7bd2771287c0de303af8bfdfc731f51bd2c6a47ab69d117138893b82717
# pip pyrsistent @ https://files.pythonhosted.org/packages/64/de/375aa14daaee107f987da76ca32f7a907fea00fa8b8afb67dc09bec0de91/pyrsistent-0.19.3-py3-none-any.whl#sha256=ccf0d6bd208f8111179f0c26fdf84ed7c3891982f2edaeae7422575f47e66b64
# pip pyyaml @ https://files.pythonhosted.org/packages/02/25/6ba9f6bb50a3d4fbe22c1a02554dc670682a07c8701d1716d19ddea2c940/PyYAML-6.0-cp310-cp310-manylinux_2_5_x86_64.manylinux1_x86_64.manylinux_2_12_x86_64.manylinux2010_x86_64.whl#sha256=f84fbc98b019fef2ee9a1cb3ce93e3187a6df0b2538a651bfb890254ba9f90b5
# pip ruamel.yaml.clib @ https://files.pythonhosted.org/packages/51/9d/f6189b21e8669a7c8b693b86cbf235db7de4229ea006d9085bbe5c05eea8/ruamel.yaml.clib-0.2.7-cp310-cp310-manylinux_2_17_x86_64.manylinux2014_x86_64.manylinux_2_24_x86_64.whl#sha256=efa08d63ef03d079dcae1dfe334f6c8847ba8b645d08df286358b1f5293d24ab
# pip snowballstemmer @ https://files.pythonhosted.org/packages/ed/dc/c02e01294f7265e63a7315fe086dd1df7dacb9f840a804da846b96d01b96/snowballstemmer-2.2.0-py2.py3-none-any.whl#sha256=c8e1716e83cc398ae16824e5572ae04e0d9fc2c6b985fb0f900f5f0c96ecba1a
# pip soupsieve @ https://files.pythonhosted.org/packages/d2/70/2c92d7bc961ba43b7b21032b7622144de5f97dec14b62226533f6940798e/soupsieve-2.4-py3-none-any.whl#sha256=49e5368c2cda80ee7e84da9dbe3e110b70a4575f196efb74e51b94549d921955
# pip sphinxcontrib-applehelp @ https://files.pythonhosted.org/packages/06/c1/5e2cafbd03105ce50d8500f9b4e8a6e8d02e22d0475b574c3b3e9451a15f/sphinxcontrib_applehelp-1.0.4-py3-none-any.whl#sha256=29d341f67fb0f6f586b23ad80e072c8e6ad0b48417db2bde114a4c9746feb228
# pip sphinxcontrib-devhelp @ https://files.pythonhosted.org/packages/c5/09/5de5ed43a521387f18bdf5f5af31d099605c992fd25372b2b9b825ce48ee/sphinxcontrib_devhelp-1.0.2-py2.py3-none-any.whl#sha256=8165223f9a335cc1af7ffe1ed31d2871f325254c0423bc0c4c7cd1c1e4734a2e
# pip sphinxcontrib-htmlhelp @ https://files.pythonhosted.org/packages/6e/ee/a1f5e39046cbb5f8bc8fba87d1ddf1c6643fbc9194e58d26e606de4b9074/sphinxcontrib_htmlhelp-2.0.1-py3-none-any.whl#sha256=c38cb46dccf316c79de6e5515e1770414b797162b23cd3d06e67020e1d2a6903
# pip sphinxcontrib-jsmath @ https://files.pythonhosted.org/packages/c2/42/4c8646762ee83602e3fb3fbe774c2fac12f317deb0b5dbeeedd2d3ba4b77/sphinxcontrib_jsmath-1.0.1-py2.py3-none-any.whl#sha256=2ec2eaebfb78f3f2078e73666b1415417a116cc848b72e5172e596c871103178
# pip sphinxcontrib-qthelp @ https://files.pythonhosted.org/packages/2b/14/05f9206cf4e9cfca1afb5fd224c7cd434dcc3a433d6d9e4e0264d29c6cdb/sphinxcontrib_qthelp-1.0.3-py2.py3-none-any.whl#sha256=bd9fc24bcb748a8d51fd4ecaade681350aa63009a347a8c14e637895444dfab6
# pip sphinxcontrib-serializinghtml @ https://files.pythonhosted.org/packages/c6/77/5464ec50dd0f1c1037e3c93249b040c8fc8078fdda97530eeb02424b6eea/sphinxcontrib_serializinghtml-1.1.5-py2.py3-none-any.whl#sha256=352a9a00ae864471d3a7ead8d7d79f5fc0b57e8b3f95e9867eb9eb28999b92fd
# pip tokenize-rt @ https://files.pythonhosted.org/packages/8d/12/4c7495f25b4c9131706f3aaffb185d4de32c02a6ee49d875e929c5b7c919/tokenize_rt-5.0.0-py2.py3-none-any.whl#sha256=c67772c662c6b3dc65edf66808577968fb10badfc2042e3027196bed4daf9e5a
# pip tomli @ https://files.pythonhosted.org/packages/97/75/10a9ebee3fd790d20926a90a2547f0bf78f371b2f13aa822c759680ca7b9/tomli-2.0.1-py3-none-any.whl#sha256=939de3e7a6161af0c887ef91b7d41a53e7c5a1ca976325f429cb46ea9bc30ecc
# pip tqdm @ https://files.pythonhosted.org/packages/e6/02/a2cff6306177ae6bc73bc0665065de51dfb3b9db7373e122e2735faf0d97/tqdm-4.65.0-py3-none-any.whl#sha256=c4f53a17fe37e132815abceec022631be8ffe1b9381c2e6e30aa70edc99e9671
# pip traitlets @ https://files.pythonhosted.org/packages/77/75/c28e9ef7abec2b7e9ff35aea3e0be6c1aceaf7873c26c95ae1f0d594de71/traitlets-5.9.0-py3-none-any.whl#sha256=9e6ec080259b9a5940c797d58b613b5e31441c2257b87c2e795c5228ae80d2d8
# pip typing-extensions @ https://files.pythonhosted.org/packages/31/25/5abcd82372d3d4a3932e1fa8c3dbf9efac10cc7c0d16e78467460571b404/typing_extensions-4.5.0-py3-none-any.whl#sha256=fb33085c39dd998ac16d1431ebc293a8b3eedd00fd4a32de0ff79002c19511b4
# pip urllib3 @ https://files.pythonhosted.org/packages/7b/f5/890a0baca17a61c1f92f72b81d3c31523c99bec609e60c292ea55b387ae8/urllib3-1.26.15-py2.py3-none-any.whl#sha256=aa751d169e23c7479ce47a0cb0da579e3ede798f994f5816a74e4f4500dcea42
# pip wcwidth @ https://files.pythonhosted.org/packages/20/f4/c0584a25144ce20bfcf1aecd041768b8c762c1eb0aa77502a3f0baa83f11/wcwidth-0.2.6-py2.py3-none-any.whl#sha256=795b138f6875577cd91bba52baf9e445cd5118fd32723b460e30a0af30ea230e
# pip webencodings @ https://files.pythonhosted.org/packages/f4/24/2a3e3df732393fed8b3ebf2ec078f05546de641fe1b667ee316ec1dcf3b7/webencodings-0.5.1-py2.py3-none-any.whl#sha256=a0af1213f3c2226497a97e2b3aa01a7e4bee4f403f95be16fc9acd2947514a78
# pip widgetsnbextension @ https://files.pythonhosted.org/packages/2e/f0/6e3a0d9c1ef015322cad1dd2191c338349b41151e4dc5e7ae984700c9dd2/widgetsnbextension-4.0.7-py3-none-any.whl#sha256=be3228a73bbab189a16be2d4a3cd89ecbd4e31948bfdc64edac17dcdee3cd99c
# pip accessible-pygments @ https://files.pythonhosted.org/packages/20/d7/45cfa326d945e411c7e02764206845b05f8f5766aa7ebc812ef3bc4138cd/accessible_pygments-0.0.4-py2.py3-none-any.whl#sha256=416c6d8c1ea1c5ad8701903a20fcedf953c6e720d64f33dc47bfb2d3f2fa4e8d
# pip asttokens @ https://files.pythonhosted.org/packages/f3/e1/64679d9d0759db5b182222c81ff322c2fe2c31e156a59afd6e9208c960e5/asttokens-2.2.1-py2.py3-none-any.whl#sha256=6b0ac9e93fb0335014d382b8fa9b3afa7df546984258005da0b9e7095b3deb1c
# pip beautifulsoup4 @ https://files.pythonhosted.org/packages/ee/a7/06b189a2e280e351adcef25df532af3c59442123187e228b960ab3238687/beautifulsoup4-4.12.0-py3-none-any.whl#sha256=2130a5ad7f513200fae61a17abb5e338ca980fa28c439c0571014bc0217e9591
# pip black @ https://files.pythonhosted.org/packages/6d/b4/0f13ab7f5e364795ff82b76b0f9a4c9c50afda6f1e2feeb8b03fdd7ec57d/black-23.3.0-cp310-cp310-manylinux_2_17_x86_64.manylinux2014_x86_64.whl#sha256=32daa9783106c28815d05b724238e30718f34155653d4d6e125dc7daec8e260c
# pip bleach @ https://files.pythonhosted.org/packages/ac/e2/dfcab68c9b2e7800c8f06b85c76e5f978d05b195a958daa9b1dda54a1db6/bleach-6.0.0-py3-none-any.whl#sha256=33c16e3353dbd13028ab4799a0f89a83f113405c766e9c122df8a06f5b85b3f4
# pip cffi @ https://files.pythonhosted.org/packages/88/89/c34caf63029fb7628ec2ebd5c88ae0c9bd17db98c812e4065a4d020ca41f/cffi-1.15.1-cp310-cp310-manylinux_2_17_x86_64.manylinux2014_x86_64.whl#sha256=dd86c085fae2efd48ac91dd7ccffcfc0571387fe1193d33b6394db7ef31fe2a4
# pip comm @ https://files.pythonhosted.org/packages/74/f3/b88d7e1dadf741550c56b70d7ce62673354fddb68e143d193ceb80224208/comm-0.1.3-py3-none-any.whl#sha256=16613c6211e20223f215fc6d3b266a247b6e2641bf4e0a3ad34cb1aff2aa3f37
# pip flake8 @ https://files.pythonhosted.org/packages/d9/6a/bb0122ebe280476c924470779d2595f1403878cafe3c8a343ac56a5a9c0e/flake8-6.0.0-py2.py3-none-any.whl#sha256=3833794e27ff64ea4e9cf5d410082a8b97ff1a06c16aa3d2027339cd0f1195c7
# pip jedi @ https://files.pythonhosted.org/packages/6d/60/4acda63286ef6023515eb914543ba36496b8929cb7af49ecce63afde09c6/jedi-0.18.2-py2.py3-none-any.whl#sha256=203c1fd9d969ab8f2119ec0a3342e0b49910045abe6af0a3ae83a5764d54639e
# pip jinja2 @ https://files.pythonhosted.org/packages/bc/c3/f068337a370801f372f2f8f6bad74a5c140f6fda3d9de154052708dd3c65/Jinja2-3.1.2-py3-none-any.whl#sha256=6088930bfe239f0e6710546ab9c19c9ef35e29792895fed6e6e31a023a182a61
# pip jsonschema @ https://files.pythonhosted.org/packages/c1/97/c698bd9350f307daad79dd740806e1a59becd693bd11443a0f531e3229b3/jsonschema-4.17.3-py3-none-any.whl#sha256=a870ad254da1a8ca84b6a2905cac29d265f805acc57af304784962a2aa6508f6
# pip jupyter-core @ https://files.pythonhosted.org/packages/41/1e/92a67f333b9335f04ce409799c030dcfb291712658b9d9d13997f7c91e5a/jupyter_core-5.3.0-py3-none-any.whl#sha256=d4201af84559bc8c70cead287e1ab94aeef3c512848dde077b7684b54d67730d
# pip markdown-it-py @ https://files.pythonhosted.org/packages/bf/25/2d88e8feee8e055d015343f9b86e370a1ccbec546f2865c98397aaef24af/markdown_it_py-2.2.0-py3-none-any.whl#sha256=5a35f8d1870171d9acc47b99612dc146129b631baf04970128b568f190d0cc30
# pip matplotlib-inline @ https://files.pythonhosted.org/packages/f2/51/c34d7a1d528efaae3d8ddb18ef45a41f284eacf9e514523b191b7d0872cc/matplotlib_inline-0.1.6-py3-none-any.whl#sha256=f1f41aab5328aa5aaea9b16d083b128102f8712542f819fe7e6a420ff581b311
# pip memory-profiler @ https://files.pythonhosted.org/packages/49/26/aaca612a0634ceede20682e692a6c55e35a94c21ba36b807cc40fe910ae1/memory_profiler-0.61.0-py3-none-any.whl#sha256=400348e61031e3942ad4d4109d18753b2fb08c2f6fb8290671c5513a34182d84
# pip pexpect @ https://files.pythonhosted.org/packages/39/7b/88dbb785881c28a102619d46423cb853b46dbccc70d3ac362d99773a78ce/pexpect-4.8.0-py2.py3-none-any.whl#sha256=0b48a55dcb3c05f3329815901ea4fc1537514d6ba867a152b581d69ae3710937
# pip polars @ https://files.pythonhosted.org/packages/b7/69/dacdce704fb0465ea6702cd27b25ddf86dbcb875597109d276fa154e07ae/polars-0.16.16-cp37-abi3-manylinux_2_17_x86_64.manylinux2014_x86_64.whl#sha256=67537bbfb290a50848d0d012228d819c11d5ec8303542e90542446d494363abc
# pip prompt-toolkit @ https://files.pythonhosted.org/packages/87/3f/1f5a0ff475ae6481f4b0d45d4d911824d3218b94ee2a97a8cb84e5569836/prompt_toolkit-3.0.38-py3-none-any.whl#sha256=45ea77a2f7c60418850331366c81cf6b5b9cf4c7fd34616f733c5427e6abbb1f
# pip pyarrow @ https://files.pythonhosted.org/packages/bc/5b/cee81fdfbd963e08a50eda1500fc9142fa08a7dec5f7dcd9c7c2a33536b6/pyarrow-11.0.0-cp310-cp310-manylinux_2_17_x86_64.manylinux2014_x86_64.whl#sha256=ad7c53def8dbbc810282ad308cc46a523ec81e653e60a91c609c2233ae407689
# pip pytest @ https://files.pythonhosted.org/packages/b2/68/5321b5793bd506961bd40bdbdd0674e7de4fb873ee7cab33dd27283ad513/pytest-7.2.2-py3-none-any.whl#sha256=130328f552dcfac0b1cec75c12e3f005619dc5f874f0a06e8ff7263f0ee6225e
# pip requests @ https://files.pythonhosted.org/packages/d2/f4/274d1dbe96b41cf4e0efb70cbced278ffd61b5c7bb70338b62af94ccb25b/requests-2.28.2-py3-none-any.whl#sha256=64299f4909223da747622c030b781c0d7811e359c37124b4bd368fb8c6518baa
# pip ruamel.yaml @ https://files.pythonhosted.org/packages/9e/cb/938214ac358fbef7058343b3765c79a1b7ed0c366f7f992ce7ff38335652/ruamel.yaml-0.17.21-py3-none-any.whl#sha256=742b35d3d665023981bd6d16b3d24248ce5df75fdb4e2924e93a05c1f8b61ca7
# pip sqlalchemy @ https://files.pythonhosted.org/packages/81/6d/bd57b7a3e20d38bc0c521b2011c017be7c2b0f523a0824c45397b7362c08/SQLAlchemy-2.0.7-cp310-cp310-manylinux_2_17_x86_64.manylinux2014_x86_64.whl#sha256=cebd161f964af58290596523c65e41a5a161a99f7212b1ae675e288a4b5e0a7c
# pip tinycss2 @ https://files.pythonhosted.org/packages/da/99/fd23634d6962c2791fb8cb6ccae1f05dcbfc39bce36bba8b1c9a8d92eae8/tinycss2-1.2.1-py3-none-any.whl#sha256=2b80a96d41e7c3914b8cda8bc7f705a4d9c49275616e886103dd839dfc847847
# pip duckdb-engine @ https://files.pythonhosted.org/packages/a1/75/31b0458c64c96c30ba46a0049f49203fd7435aa89a26bc6e6ff719034040/duckdb_engine-0.7.0-py3-none-any.whl#sha256=272f8cb27cf7599372f6b2628c147c41cd656a316272d8ababdcc81447a5455c
# pip mdit-py-plugins @ https://files.pythonhosted.org/packages/fe/4c/a9b222f045f98775034d243198212cbea36d3524c3ee1e8ab8c0346d6953/mdit_py_plugins-0.3.5-py3-none-any.whl#sha256=ca9a0714ea59a24b2b044a1831f48d817dd0c817e84339f20e7889f392d77c4e
# pip nbformat @ https://files.pythonhosted.org/packages/1d/f6/38f4694b5035306a8c2685e9e6ea7bf46ea344c03422d7131442ac9677c1/nbformat-5.8.0-py3-none-any.whl#sha256=d910082bd3e0bffcf07eabf3683ed7dda0727a326c446eeb2922abe102e65162
# pip pyzmq @ https://files.pythonhosted.org/packages/b9/39/44e7bc417837e589b2d5fd7382ddb0afdf317cafad9cdf50690e85d8fb35/pyzmq-25.0.2-cp310-cp310-manylinux_2_17_x86_64.manylinux2014_x86_64.whl#sha256=9a2e5fe42dfe6b73ca120b97ac9f34bfa8414feb15e00e37415dbd51cf227ef6
# pip sphinx @ https://files.pythonhosted.org/packages/2e/2c/22a20486cad91a66f4f70bd88c20c8bb306ae719cbba93d7debae7efa80d/sphinx-6.1.3-py3-none-any.whl#sha256=807d1cb3d6be87eb78a381c3e70ebd8d346b9a25f3753e9947e866b2786865fc
# pip stack-data @ https://files.pythonhosted.org/packages/6a/81/aa96c25c27f78cdc444fec27d80f4c05194c591465e491a1358d8a035bc1/stack_data-0.6.2-py3-none-any.whl#sha256=cbb2a53eb64e5785878201a97ed7c7b94883f48b87bfb0bbe8b623c74679e4a8
# pip ipython @ https://files.pythonhosted.org/packages/9d/1c/6001840eceb489e4a3e6ae9b012cb56b109dd6b8ee286d7771166b83d111/ipython-8.12.0-py3-none-any.whl#sha256=1c183bf61b148b00bcebfa5d9b39312733ae97f6dad90d7e9b4d86c8647f498c
# pip jupyter-client @ https://files.pythonhosted.org/packages/31/6c/96771d6b3ce94da927f7688be821899f169306f16023dd0af5ef55f71a52/jupyter_client-8.1.0-py3-none-any.whl#sha256=d5b8e739d7816944be50f81121a109788a3d92732ecf1ad1e4dadebc948818fe
# pip jupytext @ https://files.pythonhosted.org/packages/c8/e6/1acb564671a00d7af3448536203bc01a6da7b39064a7a3e8a4de59d8bdfa/jupytext-1.14.5-py3-none-any.whl#sha256=a5dbe60d0ea158bbf82c2bce74aba8d0c220ad7edcda09e017c5eba229b34dc8
# pip pydata-sphinx-theme @ https://files.pythonhosted.org/packages/bc/6f/98fd39bc36abe8da52c61c38a759f271c4c1361db779d9a7f82c5cd810da/pydata_sphinx_theme-0.13.1-py3-none-any.whl#sha256=ce29c1de7961d616dfa25f4c3a9619818d4bb2d4a9985ed078367af294fbccc2
# pip ipykernel @ https://files.pythonhosted.org/packages/48/1b/260b3e4d2f633c1c9019e25a977a9e82341d0713ad8fb60e01b97b7559a4/ipykernel-6.22.0-py3-none-any.whl#sha256=1ae6047c1277508933078163721bbb479c3e7292778a04b4bacf0874550977d6
# pip nbclient @ https://files.pythonhosted.org/packages/15/49/ea7a0c7e649c54883d76f5119a3e0be592d82a7df1a9b87124fa6663d9c7/nbclient-0.7.2-py3-none-any.whl#sha256=d97ac6257de2794f5397609df754fcbca1a603e94e924eb9b99787c031ae2e7c
# pip nbqa @ https://files.pythonhosted.org/packages/ba/6c/4a7d75b62d6e0cd210650cee0482bdc1d56e2a6954d00b9dcb2a020cec6a/nbqa-1.6.4-py3-none-any.whl#sha256=9f8f837ce5e8bf0a0f57edaa79ae83929b149bd09ff980289bc8e43510663247
# pip ipywidgets @ https://files.pythonhosted.org/packages/50/7d/2c8b7bba2b1c2b5d1299f22fa7853f09b573c84e63b62870c13a6ec11990/ipywidgets-8.0.6-py3-none-any.whl#sha256=a60bf8d2528997e05ac83fd19ea2fbe65f2e79fbe1b2b35779bdfc46c2941dcc
# pip nbconvert @ https://files.pythonhosted.org/packages/3f/53/1e99001bc154bd2d243564275e2b7a0e492b48ae032b1377f35cc9defa16/nbconvert-7.2.10-py3-none-any.whl#sha256=e41118f81698d3d59b3c7c2887937446048f741aba6c367c1c1a77810b3e2d08
# pip pkgmt @ https://files.pythonhosted.org/packages/92/41/ee851e2c74ab1e2c5302b4ae121a0f016c735d122dbf277da53813e8c5ab/pkgmt-0.2.11-py3-none-any.whl#sha256=17eff30375c30dd862c6f9958cd33c99622abc09b781fa5597f6666acca9b46e
# pip jupyter-book @ https://files.pythonhosted.org/packages/ee/3c/f9c40f847a4e0f0d9037493bd038c4dfe246a4cfa54dbcdef0c8d46a8987/jupyter_book-0.6.5-py3-none-any.whl#sha256=865e4c3b15ee900706ef65b5324c8771f37a671818b7ab81c75372ce5efd7acb
